// !$*UTF8*$!
{
	archiveVersion = 1;
	classes = {
	};
	objectVersion = 55;
	objects = {

/* Begin PBXBuildFile section */
		2AF3089827AE18CD00B7B3C3 /* AppDelegate.swift in Sources */ = {isa = PBXBuildFile; fileRef = 2AF3089727AE18CD00B7B3C3 /* AppDelegate.swift */; };
		2AF3089A27AE18CD00B7B3C3 /* SceneDelegate.swift in Sources */ = {isa = PBXBuildFile; fileRef = 2AF3089927AE18CD00B7B3C3 /* SceneDelegate.swift */; };
		2AF3089C27AE18CD00B7B3C3 /* ViewController.swift in Sources */ = {isa = PBXBuildFile; fileRef = 2AF3089B27AE18CD00B7B3C3 /* ViewController.swift */; };
		2AF3089F27AE18CD00B7B3C3 /* Main.storyboard in Resources */ = {isa = PBXBuildFile; fileRef = 2AF3089D27AE18CD00B7B3C3 /* Main.storyboard */; };
		2AF308A127AE18CE00B7B3C3 /* Assets.xcassets in Resources */ = {isa = PBXBuildFile; fileRef = 2AF308A027AE18CE00B7B3C3 /* Assets.xcassets */; };
		2AF308A427AE18CE00B7B3C3 /* LaunchScreen.storyboard in Resources */ = {isa = PBXBuildFile; fileRef = 2AF308A227AE18CE00B7B3C3 /* LaunchScreen.storyboard */; };
		2AF308AF27AE18CE00B7B3C3 /* Prework1Tests.swift in Sources */ = {isa = PBXBuildFile; fileRef = 2AF308AE27AE18CE00B7B3C3 /* Prework1Tests.swift */; };
		2AF308B927AE18CE00B7B3C3 /* Prework1UITests.swift in Sources */ = {isa = PBXBuildFile; fileRef = 2AF308B827AE18CE00B7B3C3 /* Prework1UITests.swift */; };
		2AF308BB27AE18CE00B7B3C3 /* Prework1UITestsLaunchTests.swift in Sources */ = {isa = PBXBuildFile; fileRef = 2AF308BA27AE18CE00B7B3C3 /* Prework1UITestsLaunchTests.swift */; };
/* End PBXBuildFile section */

/* Begin PBXContainerItemProxy section */
		2AF308AB27AE18CE00B7B3C3 /* PBXContainerItemProxy */ = {
			isa = PBXContainerItemProxy;
			containerPortal = 2AF3088C27AE18CD00B7B3C3 /* Project object */;
			proxyType = 1;
			remoteGlobalIDString = 2AF3089327AE18CD00B7B3C3;
			remoteInfo = Prework1;
		};
		2AF308B527AE18CE00B7B3C3 /* PBXContainerItemProxy */ = {
			isa = PBXContainerItemProxy;
			containerPortal = 2AF3088C27AE18CD00B7B3C3 /* Project object */;
			proxyType = 1;
			remoteGlobalIDString = 2AF3089327AE18CD00B7B3C3;
			remoteInfo = Prework1;
		};
/* End PBXContainerItemProxy section */

/* Begin PBXFileReference section */
		2AF3089427AE18CD00B7B3C3 /* Prework1.app */ = {isa = PBXFileReference; explicitFileType = wrapper.application; includeInIndex = 0; path = Prework1.app; sourceTree = BUILT_PRODUCTS_DIR; };
		2AF3089727AE18CD00B7B3C3 /* AppDelegate.swift */ = {isa = PBXFileReference; lastKnownFileType = sourcecode.swift; path = AppDelegate.swift; sourceTree = "<group>"; };
		2AF3089927AE18CD00B7B3C3 /* SceneDelegate.swift */ = {isa = PBXFileReference; lastKnownFileType = sourcecode.swift; path = SceneDelegate.swift; sourceTree = "<group>"; };
		2AF3089B27AE18CD00B7B3C3 /* ViewController.swift */ = {isa = PBXFileReference; lastKnownFileType = sourcecode.swift; path = ViewController.swift; sourceTree = "<group>"; };
		2AF3089E27AE18CD00B7B3C3 /* Base */ = {isa = PBXFileReference; lastKnownFileType = file.storyboard; name = Base; path = Base.lproj/Main.storyboard; sourceTree = "<group>"; };
		2AF308A027AE18CE00B7B3C3 /* Assets.xcassets */ = {isa = PBXFileReference; lastKnownFileType = folder.assetcatalog; path = Assets.xcassets; sourceTree = "<group>"; };
		2AF308A327AE18CE00B7B3C3 /* Base */ = {isa = PBXFileReference; lastKnownFileType = file.storyboard; name = Base; path = Base.lproj/LaunchScreen.storyboard; sourceTree = "<group>"; };
		2AF308A527AE18CE00B7B3C3 /* Info.plist */ = {isa = PBXFileReference; lastKnownFileType = text.plist.xml; path = Info.plist; sourceTree = "<group>"; };
		2AF308AA27AE18CE00B7B3C3 /* Prework1Tests.xctest */ = {isa = PBXFileReference; explicitFileType = wrapper.cfbundle; includeInIndex = 0; path = Prework1Tests.xctest; sourceTree = BUILT_PRODUCTS_DIR; };
		2AF308AE27AE18CE00B7B3C3 /* Prework1Tests.swift */ = {isa = PBXFileReference; lastKnownFileType = sourcecode.swift; path = Prework1Tests.swift; sourceTree = "<group>"; };
		2AF308B427AE18CE00B7B3C3 /* Prework1UITests.xctest */ = {isa = PBXFileReference; explicitFileType = wrapper.cfbundle; includeInIndex = 0; path = Prework1UITests.xctest; sourceTree = BUILT_PRODUCTS_DIR; };
		2AF308B827AE18CE00B7B3C3 /* Prework1UITests.swift */ = {isa = PBXFileReference; lastKnownFileType = sourcecode.swift; path = Prework1UITests.swift; sourceTree = "<group>"; };
		2AF308BA27AE18CE00B7B3C3 /* Prework1UITestsLaunchTests.swift */ = {isa = PBXFileReference; lastKnownFileType = sourcecode.swift; path = Prework1UITestsLaunchTests.swift; sourceTree = "<group>"; };
/* End PBXFileReference section */

/* Begin PBXFrameworksBuildPhase section */
		2AF3089127AE18CD00B7B3C3 /* Frameworks */ = {
			isa = PBXFrameworksBuildPhase;
			buildActionMask = 2147483647;
			files = (
			);
			runOnlyForDeploymentPostprocessing = 0;
		};
		2AF308A727AE18CE00B7B3C3 /* Frameworks */ = {
			isa = PBXFrameworksBuildPhase;
			buildActionMask = 2147483647;
			files = (
			);
			runOnlyForDeploymentPostprocessing = 0;
		};
		2AF308B127AE18CE00B7B3C3 /* Frameworks */ = {
			isa = PBXFrameworksBuildPhase;
			buildActionMask = 2147483647;
			files = (
			);
			runOnlyForDeploymentPostprocessing = 0;
		};
/* End PBXFrameworksBuildPhase section */

/* Begin PBXGroup section */
		2AF3088B27AE18CD00B7B3C3 = {
			isa = PBXGroup;
			children = (
				2AF3089627AE18CD00B7B3C3 /* Prework1 */,
				2AF308AD27AE18CE00B7B3C3 /* Prework1Tests */,
				2AF308B727AE18CE00B7B3C3 /* Prework1UITests */,
				2AF3089527AE18CD00B7B3C3 /* Products */,
			);
			sourceTree = "<group>";
		};
		2AF3089527AE18CD00B7B3C3 /* Products */ = {
			isa = PBXGroup;
			children = (
				2AF3089427AE18CD00B7B3C3 /* Prework1.app */,
				2AF308AA27AE18CE00B7B3C3 /* Prework1Tests.xctest */,
				2AF308B427AE18CE00B7B3C3 /* Prework1UITests.xctest */,
			);
			name = Products;
			sourceTree = "<group>";
		};
		2AF3089627AE18CD00B7B3C3 /* Prework1 */ = {
			isa = PBXGroup;
			children = (
				2AF3089727AE18CD00B7B3C3 /* AppDelegate.swift */,
				2AF3089927AE18CD00B7B3C3 /* SceneDelegate.swift */,
				2AF3089B27AE18CD00B7B3C3 /* ViewController.swift */,
				2AF3089D27AE18CD00B7B3C3 /* Main.storyboard */,
				2AF308A027AE18CE00B7B3C3 /* Assets.xcassets */,
				2AF308A227AE18CE00B7B3C3 /* LaunchScreen.storyboard */,
				2AF308A527AE18CE00B7B3C3 /* Info.plist */,
			);
			path = Prework1;
			sourceTree = "<group>";
		};
		2AF308AD27AE18CE00B7B3C3 /* Prework1Tests */ = {
			isa = PBXGroup;
			children = (
				2AF308AE27AE18CE00B7B3C3 /* Prework1Tests.swift */,
			);
			path = Prework1Tests;
			sourceTree = "<group>";
		};
		2AF308B727AE18CE00B7B3C3 /* Prework1UITests */ = {
			isa = PBXGroup;
			children = (
				2AF308B827AE18CE00B7B3C3 /* Prework1UITests.swift */,
				2AF308BA27AE18CE00B7B3C3 /* Prework1UITestsLaunchTests.swift */,
			);
			path = Prework1UITests;
			sourceTree = "<group>";
		};
/* End PBXGroup section */

/* Begin PBXNativeTarget section */
		2AF3089327AE18CD00B7B3C3 /* Prework1 */ = {
			isa = PBXNativeTarget;
			buildConfigurationList = 2AF308BE27AE18CE00B7B3C3 /* Build configuration list for PBXNativeTarget "Prework1" */;
			buildPhases = (
				2AF3089027AE18CD00B7B3C3 /* Sources */,
				2AF3089127AE18CD00B7B3C3 /* Frameworks */,
				2AF3089227AE18CD00B7B3C3 /* Resources */,
			);
			buildRules = (
			);
			dependencies = (
			);
			name = Prework1;
			productName = Prework1;
			productReference = 2AF3089427AE18CD00B7B3C3 /* Prework1.app */;
			productType = "com.apple.product-type.application";
		};
		2AF308A927AE18CE00B7B3C3 /* Prework1Tests */ = {
			isa = PBXNativeTarget;
			buildConfigurationList = 2AF308C127AE18CE00B7B3C3 /* Build configuration list for PBXNativeTarget "Prework1Tests" */;
			buildPhases = (
				2AF308A627AE18CE00B7B3C3 /* Sources */,
				2AF308A727AE18CE00B7B3C3 /* Frameworks */,
				2AF308A827AE18CE00B7B3C3 /* Resources */,
			);
			buildRules = (
			);
			dependencies = (
				2AF308AC27AE18CE00B7B3C3 /* PBXTargetDependency */,
			);
			name = Prework1Tests;
			productName = Prework1Tests;
			productReference = 2AF308AA27AE18CE00B7B3C3 /* Prework1Tests.xctest */;
			productType = "com.apple.product-type.bundle.unit-test";
		};
		2AF308B327AE18CE00B7B3C3 /* Prework1UITests */ = {
			isa = PBXNativeTarget;
			buildConfigurationList = 2AF308C427AE18CE00B7B3C3 /* Build configuration list for PBXNativeTarget "Prework1UITests" */;
			buildPhases = (
				2AF308B027AE18CE00B7B3C3 /* Sources */,
				2AF308B127AE18CE00B7B3C3 /* Frameworks */,
				2AF308B227AE18CE00B7B3C3 /* Resources */,
			);
			buildRules = (
			);
			dependencies = (
				2AF308B627AE18CE00B7B3C3 /* PBXTargetDependency */,
			);
			name = Prework1UITests;
			productName = Prework1UITests;
			productReference = 2AF308B427AE18CE00B7B3C3 /* Prework1UITests.xctest */;
			productType = "com.apple.product-type.bundle.ui-testing";
		};
/* End PBXNativeTarget section */

/* Begin PBXProject section */
		2AF3088C27AE18CD00B7B3C3 /* Project object */ = {
			isa = PBXProject;
			attributes = {
				BuildIndependentTargetsInParallel = 1;
				LastSwiftUpdateCheck = 1320;
				LastUpgradeCheck = 1320;
				TargetAttributes = {
					2AF3089327AE18CD00B7B3C3 = {
						CreatedOnToolsVersion = 13.2.1;
					};
					2AF308A927AE18CE00B7B3C3 = {
						CreatedOnToolsVersion = 13.2.1;
						TestTargetID = 2AF3089327AE18CD00B7B3C3;
					};
					2AF308B327AE18CE00B7B3C3 = {
						CreatedOnToolsVersion = 13.2.1;
						TestTargetID = 2AF3089327AE18CD00B7B3C3;
					};
				};
			};
			buildConfigurationList = 2AF3088F27AE18CD00B7B3C3 /* Build configuration list for PBXProject "Prework1" */;
			compatibilityVersion = "Xcode 13.0";
			developmentRegion = en;
			hasScannedForEncodings = 0;
			knownRegions = (
				en,
				Base,
			);
			mainGroup = 2AF3088B27AE18CD00B7B3C3;
			productRefGroup = 2AF3089527AE18CD00B7B3C3 /* Products */;
			projectDirPath = "";
			projectRoot = "";
			targets = (
				2AF3089327AE18CD00B7B3C3 /* Prework1 */,
				2AF308A927AE18CE00B7B3C3 /* Prework1Tests */,
				2AF308B327AE18CE00B7B3C3 /* Prework1UITests */,
			);
		};
/* End PBXProject section */

/* Begin PBXResourcesBuildPhase section */
		2AF3089227AE18CD00B7B3C3 /* Resources */ = {
			isa = PBXResourcesBuildPhase;
			buildActionMask = 2147483647;
			files = (
				2AF308A427AE18CE00B7B3C3 /* LaunchScreen.storyboard in Resources */,
				2AF308A127AE18CE00B7B3C3 /* Assets.xcassets in Resources */,
				2AF3089F27AE18CD00B7B3C3 /* Main.storyboard in Resources */,
			);
			runOnlyForDeploymentPostprocessing = 0;
		};
		2AF308A827AE18CE00B7B3C3 /* Resources */ = {
			isa = PBXResourcesBuildPhase;
			buildActionMask = 2147483647;
			files = (
			);
			runOnlyForDeploymentPostprocessing = 0;
		};
		2AF308B227AE18CE00B7B3C3 /* Resources */ = {
			isa = PBXResourcesBuildPhase;
			buildActionMask = 2147483647;
			files = (
			);
			runOnlyForDeploymentPostprocessing = 0;
		};
/* End PBXResourcesBuildPhase section */

/* Begin PBXSourcesBuildPhase section */
		2AF3089027AE18CD00B7B3C3 /* Sources */ = {
			isa = PBXSourcesBuildPhase;
			buildActionMask = 2147483647;
			files = (
				2AF3089C27AE18CD00B7B3C3 /* ViewController.swift in Sources */,
				2AF3089827AE18CD00B7B3C3 /* AppDelegate.swift in Sources */,
				2AF3089A27AE18CD00B7B3C3 /* SceneDelegate.swift in Sources */,
			);
			runOnlyForDeploymentPostprocessing = 0;
		};
		2AF308A627AE18CE00B7B3C3 /* Sources */ = {
			isa = PBXSourcesBuildPhase;
			buildActionMask = 2147483647;
			files = (
				2AF308AF27AE18CE00B7B3C3 /* Prework1Tests.swift in Sources */,
			);
			runOnlyForDeploymentPostprocessing = 0;
		};
		2AF308B027AE18CE00B7B3C3 /* Sources */ = {
			isa = PBXSourcesBuildPhase;
			buildActionMask = 2147483647;
			files = (
				2AF308BB27AE18CE00B7B3C3 /* Prework1UITestsLaunchTests.swift in Sources */,
				2AF308B927AE18CE00B7B3C3 /* Prework1UITests.swift in Sources */,
			);
			runOnlyForDeploymentPostprocessing = 0;
		};
/* End PBXSourcesBuildPhase section */

/* Begin PBXTargetDependency section */
		2AF308AC27AE18CE00B7B3C3 /* PBXTargetDependency */ = {
			isa = PBXTargetDependency;
			target = 2AF3089327AE18CD00B7B3C3 /* Prework1 */;
			targetProxy = 2AF308AB27AE18CE00B7B3C3 /* PBXContainerItemProxy */;
		};
		2AF308B627AE18CE00B7B3C3 /* PBXTargetDependency */ = {
			isa = PBXTargetDependency;
			target = 2AF3089327AE18CD00B7B3C3 /* Prework1 */;
			targetProxy = 2AF308B527AE18CE00B7B3C3 /* PBXContainerItemProxy */;
		};
/* End PBXTargetDependency section */

/* Begin PBXVariantGroup section */
		2AF3089D27AE18CD00B7B3C3 /* Main.storyboard */ = {
			isa = PBXVariantGroup;
			children = (
				2AF3089E27AE18CD00B7B3C3 /* Base */,
			);
			name = Main.storyboard;
			sourceTree = "<group>";
		};
		2AF308A227AE18CE00B7B3C3 /* LaunchScreen.storyboard */ = {
			isa = PBXVariantGroup;
			children = (
				2AF308A327AE18CE00B7B3C3 /* Base */,
			);
			name = LaunchScreen.storyboard;
			sourceTree = "<group>";
		};
/* End PBXVariantGroup section */

/* Begin XCBuildConfiguration section */
		2AF308BC27AE18CE00B7B3C3 /* Debug */ = {
			isa = XCBuildConfiguration;
			buildSettings = {
				ALWAYS_SEARCH_USER_PATHS = NO;
				CLANG_ANALYZER_NONNULL = YES;
				CLANG_ANALYZER_NUMBER_OBJECT_CONVERSION = YES_AGGRESSIVE;
				CLANG_CXX_LANGUAGE_STANDARD = "gnu++17";
				CLANG_CXX_LIBRARY = "libc++";
				CLANG_ENABLE_MODULES = YES;
				CLANG_ENABLE_OBJC_ARC = YES;
				CLANG_ENABLE_OBJC_WEAK = YES;
				CLANG_WARN_BLOCK_CAPTURE_AUTORELEASING = YES;
				CLANG_WARN_BOOL_CONVERSION = YES;
				CLANG_WARN_COMMA = YES;
				CLANG_WARN_CONSTANT_CONVERSION = YES;
				CLANG_WARN_DEPRECATED_OBJC_IMPLEMENTATIONS = YES;
				CLANG_WARN_DIRECT_OBJC_ISA_USAGE = YES_ERROR;
				CLANG_WARN_DOCUMENTATION_COMMENTS = YES;
				CLANG_WARN_EMPTY_BODY = YES;
				CLANG_WARN_ENUM_CONVERSION = YES;
				CLANG_WARN_INFINITE_RECURSION = YES;
				CLANG_WARN_INT_CONVERSION = YES;
				CLANG_WARN_NON_LITERAL_NULL_CONVERSION = YES;
				CLANG_WARN_OBJC_IMPLICIT_RETAIN_SELF = YES;
				CLANG_WARN_OBJC_LITERAL_CONVERSION = YES;
				CLANG_WARN_OBJC_ROOT_CLASS = YES_ERROR;
				CLANG_WARN_QUOTED_INCLUDE_IN_FRAMEWORK_HEADER = YES;
				CLANG_WARN_RANGE_LOOP_ANALYSIS = YES;
				CLANG_WARN_STRICT_PROTOTYPES = YES;
				CLANG_WARN_SUSPICIOUS_MOVE = YES;
				CLANG_WARN_UNGUARDED_AVAILABILITY = YES_AGGRESSIVE;
				CLANG_WARN_UNREACHABLE_CODE = YES;
				CLANG_WARN__DUPLICATE_METHOD_MATCH = YES;
				COPY_PHASE_STRIP = NO;
				DEBUG_INFORMATION_FORMAT = dwarf;
				ENABLE_STRICT_OBJC_MSGSEND = YES;
				ENABLE_TESTABILITY = YES;
				GCC_C_LANGUAGE_STANDARD = gnu11;
				GCC_DYNAMIC_NO_PIC = NO;
				GCC_NO_COMMON_BLOCKS = YES;
				GCC_OPTIMIZATION_LEVEL = 0;
				GCC_PREPROCESSOR_DEFINITIONS = (
					"DEBUG=1",
					"$(inherited)",
				);
				GCC_WARN_64_TO_32_BIT_CONVERSION = YES;
				GCC_WARN_ABOUT_RETURN_TYPE = YES_ERROR;
				GCC_WARN_UNDECLARED_SELECTOR = YES;
				GCC_WARN_UNINITIALIZED_AUTOS = YES_AGGRESSIVE;
				GCC_WARN_UNUSED_FUNCTION = YES;
				GCC_WARN_UNUSED_VARIABLE = YES;
				IPHONEOS_DEPLOYMENT_TARGET = 15.2;
				MTL_ENABLE_DEBUG_INFO = INCLUDE_SOURCE;
				MTL_FAST_MATH = YES;
				ONLY_ACTIVE_ARCH = YES;
				SDKROOT = iphoneos;
				SWIFT_ACTIVE_COMPILATION_CONDITIONS = DEBUG;
				SWIFT_OPTIMIZATION_LEVEL = "-Onone";
			};
			name = Debug;
		};
		2AF308BD27AE18CE00B7B3C3 /* Release */ = {
			isa = XCBuildConfiguration;
			buildSettings = {
				ALWAYS_SEARCH_USER_PATHS = NO;
				CLANG_ANALYZER_NONNULL = YES;
				CLANG_ANALYZER_NUMBER_OBJECT_CONVERSION = YES_AGGRESSIVE;
				CLANG_CXX_LANGUAGE_STANDARD = "gnu++17";
				CLANG_CXX_LIBRARY = "libc++";
				CLANG_ENABLE_MODULES = YES;
				CLANG_ENABLE_OBJC_ARC = YES;
				CLANG_ENABLE_OBJC_WEAK = YES;
				CLANG_WARN_BLOCK_CAPTURE_AUTORELEASING = YES;
				CLANG_WARN_BOOL_CONVERSION = YES;
				CLANG_WARN_COMMA = YES;
				CLANG_WARN_CONSTANT_CONVERSION = YES;
				CLANG_WARN_DEPRECATED_OBJC_IMPLEMENTATIONS = YES;
				CLANG_WARN_DIRECT_OBJC_ISA_USAGE = YES_ERROR;
				CLANG_WARN_DOCUMENTATION_COMMENTS = YES;
				CLANG_WARN_EMPTY_BODY = YES;
				CLANG_WARN_ENUM_CONVERSION = YES;
				CLANG_WARN_INFINITE_RECURSION = YES;
				CLANG_WARN_INT_CONVERSION = YES;
				CLANG_WARN_NON_LITERAL_NULL_CONVERSION = YES;
				CLANG_WARN_OBJC_IMPLICIT_RETAIN_SELF = YES;
				CLANG_WARN_OBJC_LITERAL_CONVERSION = YES;
				CLANG_WARN_OBJC_ROOT_CLASS = YES_ERROR;
				CLANG_WARN_QUOTED_INCLUDE_IN_FRAMEWORK_HEADER = YES;
				CLANG_WARN_RANGE_LOOP_ANALYSIS = YES;
				CLANG_WARN_STRICT_PROTOTYPES = YES;
				CLANG_WARN_SUSPICIOUS_MOVE = YES;
				CLANG_WARN_UNGUARDED_AVAILABILITY = YES_AGGRESSIVE;
				CLANG_WARN_UNREACHABLE_CODE = YES;
				CLANG_WARN__DUPLICATE_METHOD_MATCH = YES;
				COPY_PHASE_STRIP = NO;
				DEBUG_INFORMATION_FORMAT = "dwarf-with-dsym";
				ENABLE_NS_ASSERTIONS = NO;
				ENABLE_STRICT_OBJC_MSGSEND = YES;
				GCC_C_LANGUAGE_STANDARD = gnu11;
				GCC_NO_COMMON_BLOCKS = YES;
				GCC_WARN_64_TO_32_BIT_CONVERSION = YES;
				GCC_WARN_ABOUT_RETURN_TYPE = YES_ERROR;
				GCC_WARN_UNDECLARED_SELECTOR = YES;
				GCC_WARN_UNINITIALIZED_AUTOS = YES_AGGRESSIVE;
				GCC_WARN_UNUSED_FUNCTION = YES;
				GCC_WARN_UNUSED_VARIABLE = YES;
				IPHONEOS_DEPLOYMENT_TARGET = 15.2;
				MTL_ENABLE_DEBUG_INFO = NO;
				MTL_FAST_MATH = YES;
				SDKROOT = iphoneos;
				SWIFT_COMPILATION_MODE = wholemodule;
				SWIFT_OPTIMIZATION_LEVEL = "-O";
				VALIDATE_PRODUCT = YES;
			};
			name = Release;
		};
		2AF308BF27AE18CE00B7B3C3 /* Debug */ = {
			isa = XCBuildConfiguration;
			buildSettings = {
				ASSETCATALOG_COMPILER_APPICON_NAME = AppIcon;
				ASSETCATALOG_COMPILER_GLOBAL_ACCENT_COLOR_NAME = AccentColor;
				CODE_SIGN_STYLE = Automatic;
				CURRENT_PROJECT_VERSION = 1;
				DEVELOPMENT_TEAM = 7Z4SVVSU34;
				GENERATE_INFOPLIST_FILE = YES;
				INFOPLIST_FILE = Prework1/Info.plist;
				INFOPLIST_KEY_UIApplicationSupportsIndirectInputEvents = YES;
				INFOPLIST_KEY_UILaunchStoryboardName = LaunchScreen;
				INFOPLIST_KEY_UIMainStoryboardFile = Main;
				INFOPLIST_KEY_UISupportedInterfaceOrientations_iPad = "UIInterfaceOrientationPortrait UIInterfaceOrientationPortraitUpsideDown UIInterfaceOrientationLandscapeLeft UIInterfaceOrientationLandscapeRight";
				INFOPLIST_KEY_UISupportedInterfaceOrientations_iPhone = "UIInterfaceOrientationPortrait UIInterfaceOrientationLandscapeLeft UIInterfaceOrientationLandscapeRight";
				LD_RUNPATH_SEARCH_PATHS = (
					"$(inherited)",
					"@executable_path/Frameworks",
				);
				MARKETING_VERSION = 1.0;
				PRODUCT_BUNDLE_IDENTIFIER = memo.com.Prework1;
				PRODUCT_NAME = "$(TARGET_NAME)";
				SWIFT_EMIT_LOC_STRINGS = YES;
				SWIFT_VERSION = 5.0;
				TARGETED_DEVICE_FAMILY = "1,2";
			};
			name = Debug;
		};
		2AF308C027AE18CE00B7B3C3 /* Release */ = {
			isa = XCBuildConfiguration;
			buildSettings = {
				ASSETCATALOG_COMPILER_APPICON_NAME = AppIcon;
				ASSETCATALOG_COMPILER_GLOBAL_ACCENT_COLOR_NAME = AccentColor;
				CODE_SIGN_STYLE = Automatic;
				CURRENT_PROJECT_VERSION = 1;
				DEVELOPMENT_TEAM = 7Z4SVVSU34;
				GENERATE_INFOPLIST_FILE = YES;
				INFOPLIST_FILE = Prework1/Info.plist;
				INFOPLIST_KEY_UIApplicationSupportsIndirectInputEvents = YES;
				INFOPLIST_KEY_UILaunchStoryboardName = LaunchScreen;
				INFOPLIST_KEY_UIMainStoryboardFile = Main;
				INFOPLIST_KEY_UISupportedInterfaceOrientations_iPad = "UIInterfaceOrientationPortrait UIInterfaceOrientationPortraitUpsideDown UIInterfaceOrientationLandscapeLeft UIInterfaceOrientationLandscapeRight";
				INFOPLIST_KEY_UISupportedInterfaceOrientations_iPhone = "UIInterfaceOrientationPortrait UIInterfaceOrientationLandscapeLeft UIInterfaceOrientationLandscapeRight";
				LD_RUNPATH_SEARCH_PATHS = (
					"$(inherited)",
					"@executable_path/Frameworks",
				);
				MARKETING_VERSION = 1.0;
				PRODUCT_BUNDLE_IDENTIFIER = memo.com.Prework1;
				PRODUCT_NAME = "$(TARGET_NAME)";
				SWIFT_EMIT_LOC_STRINGS = YES;
				SWIFT_VERSION = 5.0;
				TARGETED_DEVICE_FAMILY = "1,2";
			};
			name = Release;
		};
		2AF308C227AE18CE00B7B3C3 /* Debug */ = {
			isa = XCBuildConfiguration;
			buildSettings = {
				ALWAYS_EMBED_SWIFT_STANDARD_LIBRARIES = YES;
				BUNDLE_LOADER = "$(TEST_HOST)";
				CODE_SIGN_STYLE = Automatic;
				CURRENT_PROJECT_VERSION = 1;
				GENERATE_INFOPLIST_FILE = YES;
				IPHONEOS_DEPLOYMENT_TARGET = 15.2;
				MARKETING_VERSION = 1.0;
				PRODUCT_BUNDLE_IDENTIFIER = memo.com.Prework1Tests;
				PRODUCT_NAME = "$(TARGET_NAME)";
				SWIFT_EMIT_LOC_STRINGS = NO;
				SWIFT_VERSION = 5.0;
				TARGETED_DEVICE_FAMILY = "1,2";
				TEST_HOST = "$(BUILT_PRODUCTS_DIR)/Prework1.app/Prework1";
			};
			name = Debug;
		};
		2AF308C327AE18CE00B7B3C3 /* Release */ = {
			isa = XCBuildConfiguration;
			buildSettings = {
				ALWAYS_EMBED_SWIFT_STANDARD_LIBRARIES = YES;
				BUNDLE_LOADER = "$(TEST_HOST)";
				CODE_SIGN_STYLE = Automatic;
				CURRENT_PROJECT_VERSION = 1;
				GENERATE_INFOPLIST_FILE = YES;
				IPHONEOS_DEPLOYMENT_TARGET = 15.2;
				MARKETING_VERSION = 1.0;
				PRODUCT_BUNDLE_IDENTIFIER = memo.com.Prework1Tests;
				PRODUCT_NAME = "$(TARGET_NAME)";
				SWIFT_EMIT_LOC_STRINGS = NO;
				SWIFT_VERSION = 5.0;
				TARGETED_DEVICE_FAMILY = "1,2";
				TEST_HOST = "$(BUILT_PRODUCTS_DIR)/Prework1.app/Prework1";
			};
			name = Release;
		};
		2AF308C527AE18CE00B7B3C3 /* Debug */ = {
			isa = XCBuildConfiguration;
			buildSettings = {
				ALWAYS_EMBED_SWIFT_STANDARD_LIBRARIES = YES;
				CODE_SIGN_STYLE = Automatic;
				CURRENT_PROJECT_VERSION = 1;
				GENERATE_INFOPLIST_FILE = YES;
				MARKETING_VERSION = 1.0;
				PRODUCT_BUNDLE_IDENTIFIER = memo.com.Prework1UITests;
				PRODUCT_NAME = "$(TARGET_NAME)";
				SWIFT_EMIT_LOC_STRINGS = NO;
				SWIFT_VERSION = 5.0;
				TARGETED_DEVICE_FAMILY = "1,2";
				TEST_TARGET_NAME = Prework1;
			};
			name = Debug;
		};
		2AF308C627AE18CE00B7B3C3 /* Release */ = {
			isa = XCBuildConfiguration;
			buildSettings = {
				ALWAYS_EMBED_SWIFT_STANDARD_LIBRARIES = YES;
				CODE_SIGN_STYLE = Automatic;
				CURRENT_PROJECT_VERSION = 1;
				GENERATE_INFOPLIST_FILE = YES;
				MARKETING_VERSION = 1.0;
				PRODUCT_BUNDLE_IDENTIFIER = memo.com.Prework1UITests;
				PRODUCT_NAME = "$(TARGET_NAME)";
				SWIFT_EMIT_LOC_STRINGS = NO;
				SWIFT_VERSION = 5.0;
				TARGETED_DEVICE_FAMILY = "1,2";
				TEST_TARGET_NAME = Prework1;
			};
			name = Release;
		};
/* End XCBuildConfiguration section */

/* Begin XCConfigurationList section */
		2AF3088F27AE18CD00B7B3C3 /* Build configuration list for PBXProject "Prework1" */ = {
			isa = XCConfigurationList;
			buildConfigurations = (
				2AF308BC27AE18CE00B7B3C3 /* Debug */,
				2AF308BD27AE18CE00B7B3C3 /* Release */,
			);
			defaultConfigurationIsVisible = 0;
			defaultConfigurationName = Release;
		};
		2AF308BE27AE18CE00B7B3C3 /* Build configuration list for PBXNativeTarget "Prework1" */ = {
			isa = XCConfigurationList;
			buildConfigurations = (
				2AF308BF27AE18CE00B7B3C3 /* Debug */,
				2AF308C027AE18CE00B7B3C3 /* Release */,
			);
			defaultConfigurationIsVisible = 0;
			defaultConfigurationName = Release;
		};
		2AF308C127AE18CE00B7B3C3 /* Build configuration list for PBXNativeTarget "Prework1Tests" */ = {
			isa = XCConfigurationList;
			buildConfigurations = (
				2AF308C227AE18CE00B7B3C3 /* Debug */,
				2AF308C327AE18CE00B7B3C3 /* Release */,
			);
			defaultConfigurationIsVisible = 0;
			defaultConfigurationName = Release;
		};
		2AF308C427AE18CE00B7B3C3 /* Build configuration list for PBXNativeTarget "Prework1UITests" */ = {
			isa = XCConfigurationList;
			buildConfigurations = (
				2AF308C527AE18CE00B7B3C3 /* Debug */,
				2AF308C627AE18CE00B7B3C3 /* Release */,
			);
			defaultConfigurationIsVisible = 0;
			defaultConfigurationName = Release;
		};
/* End XCConfigurationList section */
	};
	rootObject = 2AF3088C27AE18CD00B7B3C3 /* Project object */;
}
